
Microsoft Visual Studio Solution File, Format Version 12.00
# Visual Studio Version 17
VisualStudioVersion = 17.1.32421.90
MinimumVisualStudioVersion = 10.0.40219.1
Project("{FAE04EC0-301F-11D3-BF4B-00C04F79EFBC}") = "ANData", "ANData\ANData.csproj", "{841FB2B3-5791-4B83-8478-CCF1B1A1978E}"
EndProject
Global
	GlobalSection(SolutionConfigurationPlatforms) = preSolution
		Debug|Any CPU = Debug|Any CPU
		Release|Any CPU = Release|Any CPU
	EndGlobalSection
	GlobalSection(ProjectConfigurationPlatforms) = postSolution
		{841FB2B3-5791-4B83-8478-CCF1B1A1978E}.Debug|Any CPU.ActiveCfg = Debug|Any CPU
		{841FB2B3-5791-4B83-8478-CCF1B1A1978E}.Debug|Any CPU.Build.0 = Debug|Any CPU
		{841FB2B3-5791-4B83-8478-CCF1B1A1978E}.Release|Any CPU.ActiveCfg = Release|Any CPU
		{841FB2B3-5791-4B83-8478-CCF1B1A1978E}.Release|Any CPU.Build.0 = Release|Any CPU
	EndGlobalSection
	GlobalSection(SolutionProperties) = preSolution
		HideSolutionNode = FALSE
	EndGlobalSection
	GlobalSection(ExtensibilityGlobals) = postSolution
		SolutionGuid = {944CC2CD-B2A9-4B78-8FF0-A7B1A3F8AC22}
	EndGlobalSection
EndGlobal
